// !$*UTF8*$!
{
	archiveVersion = 1;
	classes = {
	};
	objectVersion = 50;
	objects = {

/* Begin PBXBuildFile section */
		9CB9DC0021AF3354006AACB3 /* AppDelegate.swift in Sources */ = {isa = PBXBuildFile; fileRef = 9CB9DBFF21AF3354006AACB3 /* AppDelegate.swift */; };
		9CB9DC0321AF3355006AACB3 /* Assets.xcassets in Resources */ = {isa = PBXBuildFile; fileRef = 9CB9DC0221AF3355006AACB3 /* Assets.xcassets */; };
		9CB9DC0B21AF33A2006AACB3 /* Server in Resources */ = {isa = PBXBuildFile; fileRef = 9CB9DC0A21AF33A2006AACB3 /* Server */; };
		B08481CE2441793800CA062B /* start.js in Resources */ = {isa = PBXBuildFile; fileRef = B08481C82441793800CA062B /* start.js */; };
		B08481CF2441793800CA062B /* static in Resources */ = {isa = PBXBuildFile; fileRef = B08481C92441793800CA062B /* static */; };
		B08481D02441793800CA062B /* package.json in Resources */ = {isa = PBXBuildFile; fileRef = B08481CA2441793800CA062B /* package.json */; };
		B08481D12441793800CA062B /* package-lock.json in Resources */ = {isa = PBXBuildFile; fileRef = B08481CB2441793800CA062B /* package-lock.json */; };
		B08481D22441793800CA062B /* views in Resources */ = {isa = PBXBuildFile; fileRef = B08481CC2441793800CA062B /* views */; };
		B08481D32441793800CA062B /* server in Resources */ = {isa = PBXBuildFile; fileRef = B08481CD2441793800CA062B /* server */; };
		B08481D72445A42300CA062B /* tvos_app_icon.png in Resources */ = {isa = PBXBuildFile; fileRef = B08481D42445A42200CA062B /* tvos_app_icon.png */; };
		B08481D82445A42300CA062B /* tvos_topshelf_wide.png in Resources */ = {isa = PBXBuildFile; fileRef = B08481D52445A42200CA062B /* tvos_topshelf_wide.png */; };
		B08481D92445A42300CA062B /* tvos_topshelf.png in Resources */ = {isa = PBXBuildFile; fileRef = B08481D62445A42300CA062B /* tvos_topshelf.png */; };
		B08481DB2445A48000CA062B /* tvos_app_store_icon.png in Resources */ = {isa = PBXBuildFile; fileRef = B08481DA2445A48000CA062B /* tvos_app_store_icon.png */; };
		B08482072445B61800CA062B /* tvos_topshelf_wide_2x.png in Resources */ = {isa = PBXBuildFile; fileRef = B08482062445B61800CA062B /* tvos_topshelf_wide_2x.png */; };
		B084820B2445B83E00CA062B /* tvos_app_icon_2x.png in Resources */ = {isa = PBXBuildFile; fileRef = B08482082445B83D00CA062B /* tvos_app_icon_2x.png */; };
		B084820C2445B83E00CA062B /* tvos_topshelf_2x.png in Resources */ = {isa = PBXBuildFile; fileRef = B08482092445B83E00CA062B /* tvos_topshelf_2x.png */; };
/* End PBXBuildFile section */

/* Begin PBXFileReference section */
		9CB9DBFC21AF3354006AACB3 /* EluvioTVOS.app */ = {isa = PBXFileReference; explicitFileType = wrapper.application; includeInIndex = 0; path = EluvioTVOS.app; sourceTree = BUILT_PRODUCTS_DIR; };
		9CB9DBFF21AF3354006AACB3 /* AppDelegate.swift */ = {isa = PBXFileReference; lastKnownFileType = sourcecode.swift; path = AppDelegate.swift; sourceTree = "<group>"; };
		9CB9DC0221AF3355006AACB3 /* Assets.xcassets */ = {isa = PBXFileReference; lastKnownFileType = folder.assetcatalog; path = Assets.xcassets; sourceTree = "<group>"; };
		9CB9DC0421AF3355006AACB3 /* Info.plist */ = {isa = PBXFileReference; lastKnownFileType = text.plist.xml; path = Info.plist; sourceTree = "<group>"; };
		9CB9DC0A21AF33A2006AACB3 /* Server */ = {isa = PBXFileReference; lastKnownFileType = folder; path = Server; sourceTree = "<group>"; };
		B03C32B424462DFD00CFFC97 /* Debug.xcconfig */ = {isa = PBXFileReference; lastKnownFileType = text.xcconfig; path = Debug.xcconfig; sourceTree = "<group>"; };
		B03C32B524462E8D00CFFC97 /* Release.xcconfig */ = {isa = PBXFileReference; lastKnownFileType = text.xcconfig; path = Release.xcconfig; sourceTree = "<group>"; };
		B08481C82441793800CA062B /* start.js */ = {isa = PBXFileReference; fileEncoding = 4; lastKnownFileType = sourcecode.javascript; path = start.js; sourceTree = "<group>"; };
		B08481C92441793800CA062B /* static */ = {isa = PBXFileReference; lastKnownFileType = folder; path = static; sourceTree = "<group>"; };
		B08481CA2441793800CA062B /* package.json */ = {isa = PBXFileReference; fileEncoding = 4; lastKnownFileType = text.json; path = package.json; sourceTree = "<group>"; };
		B08481CB2441793800CA062B /* package-lock.json */ = {isa = PBXFileReference; fileEncoding = 4; lastKnownFileType = text.json; path = "package-lock.json"; sourceTree = "<group>"; };
		B08481CC2441793800CA062B /* views */ = {isa = PBXFileReference; lastKnownFileType = folder; path = views; sourceTree = "<group>"; };
		B08481CD2441793800CA062B /* server */ = {isa = PBXFileReference; lastKnownFileType = folder; path = server; sourceTree = "<group>"; };
		B08481D42445A42200CA062B /* tvos_app_icon.png */ = {isa = PBXFileReference; lastKnownFileType = image.png; path = tvos_app_icon.png; sourceTree = "<group>"; };
		B08481D52445A42200CA062B /* tvos_topshelf_wide.png */ = {isa = PBXFileReference; lastKnownFileType = image.png; path = tvos_topshelf_wide.png; sourceTree = "<group>"; };
		B08481D62445A42300CA062B /* tvos_topshelf.png */ = {isa = PBXFileReference; lastKnownFileType = image.png; path = tvos_topshelf.png; sourceTree = "<group>"; };
		B08481DA2445A48000CA062B /* tvos_app_store_icon.png */ = {isa = PBXFileReference; lastKnownFileType = image.png; path = tvos_app_store_icon.png; sourceTree = "<group>"; };
		B08482062445B61800CA062B /* tvos_topshelf_wide_2x.png */ = {isa = PBXFileReference; lastKnownFileType = image.png; path = tvos_topshelf_wide_2x.png; sourceTree = "<group>"; };
		B08482082445B83D00CA062B /* tvos_app_icon_2x.png */ = {isa = PBXFileReference; lastKnownFileType = image.png; path = tvos_app_icon_2x.png; sourceTree = "<group>"; };
		B08482092445B83E00CA062B /* tvos_topshelf_2x.png */ = {isa = PBXFileReference; lastKnownFileType = image.png; path = tvos_topshelf_2x.png; sourceTree = "<group>"; };
		D0513C20D051D04000000001 /* README.md */ = {isa = PBXFileReference; lastKnownFileType = net.daringfireball.markdown; name = README.md; path = ../README.md; sourceTree = "<group>"; };
/* End PBXFileReference section */

/* Begin PBXFrameworksBuildPhase section */
		9CB9DBF921AF3354006AACB3 /* Frameworks */ = {
			isa = PBXFrameworksBuildPhase;
			buildActionMask = 2147483647;
			files = (
			);
			runOnlyForDeploymentPostprocessing = 0;
		};
/* End PBXFrameworksBuildPhase section */

/* Begin PBXGroup section */
		9CB9DBF321AF3354006AACB3 = {
			isa = PBXGroup;
			children = (
				B03C32B524462E8D00CFFC97 /* Release.xcconfig */,
				B03C32B424462DFD00CFFC97 /* Debug.xcconfig */,
				D0513C20D051D04000000001 /* README.md */,
				9CB9DBFE21AF3354006AACB3 /* elv-tvos */,
				9CB9DBFD21AF3354006AACB3 /* Products */,
				B08481D42445A42200CA062B /* tvos_app_icon.png */,
				B08481D52445A42200CA062B /* tvos_topshelf_wide.png */,
				B08481D62445A42300CA062B /* tvos_topshelf.png */,
				B08481DA2445A48000CA062B /* tvos_app_store_icon.png */,
				B08482062445B61800CA062B /* tvos_topshelf_wide_2x.png */,
				B08482082445B83D00CA062B /* tvos_app_icon_2x.png */,
				B08482092445B83E00CA062B /* tvos_topshelf_2x.png */,
			);
			sourceTree = "<group>";
		};
		9CB9DBFD21AF3354006AACB3 /* Products */ = {
			isa = PBXGroup;
			children = (
				9CB9DBFC21AF3354006AACB3 /* EluvioTVOS.app */,
			);
			name = Products;
			sourceTree = "<group>";
		};
		9CB9DBFE21AF3354006AACB3 /* elv-tvos */ = {
			isa = PBXGroup;
			children = (
				B08481CB2441793800CA062B /* package-lock.json */,
				B08481CA2441793800CA062B /* package.json */,
				B08481CD2441793800CA062B /* server */,
				B08481C82441793800CA062B /* start.js */,
				B08481C92441793800CA062B /* static */,
				B08481CC2441793800CA062B /* views */,
				9CB9DBFF21AF3354006AACB3 /* AppDelegate.swift */,
				9CB9DC0221AF3355006AACB3 /* Assets.xcassets */,
				9CB9DC0421AF3355006AACB3 /* Info.plist */,
				9CB9DC0A21AF33A2006AACB3 /* Server */,
			);
			path = "elv-tvos";
			sourceTree = "<group>";
		};
/* End PBXGroup section */

/* Begin PBXNativeTarget section */
		9CB9DBFB21AF3354006AACB3 /* EluvioTVOS */ = {
			isa = PBXNativeTarget;
			buildConfigurationList = 9CB9DC0721AF3355006AACB3 /* Build configuration list for PBXNativeTarget "EluvioTVOS" */;
			buildPhases = (
				9CB9DBF821AF3354006AACB3 /* Sources */,
				9CB9DBF921AF3354006AACB3 /* Frameworks */,
				9CB9DBFA21AF3354006AACB3 /* Resources */,
			);
			buildRules = (
			);
			dependencies = (
			);
			name = EluvioTVOS;
			productName = PlayingMedia;
			productReference = 9CB9DBFC21AF3354006AACB3 /* EluvioTVOS.app */;
			productType = "com.apple.product-type.application";
		};
/* End PBXNativeTarget section */

/* Begin PBXProject section */
		9CB9DBF421AF3354006AACB3 /* Project object */ = {
			isa = PBXProject;
			attributes = {
				LastSwiftUpdateCheck = 1010;
				LastUpgradeCheck = 1010;
				ORGANIZATIONNAME = Apple;
				TargetAttributes = {
					9CB9DBFB21AF3354006AACB3 = {
						CreatedOnToolsVersion = 10.1;
						LastSwiftMigration = 1120;
					};
				};
			};
			buildConfigurationList = 9CB9DBF721AF3354006AACB3 /* Build configuration list for PBXProject "elv-tvos" */;
			compatibilityVersion = "Xcode 9.3";
			developmentRegion = en;
			hasScannedForEncodings = 0;
			knownRegions = (
				en,
				Base,
			);
			mainGroup = 9CB9DBF321AF3354006AACB3;
			productRefGroup = 9CB9DBFD21AF3354006AACB3 /* Products */;
			projectDirPath = "";
			projectRoot = "";
			targets = (
				9CB9DBFB21AF3354006AACB3 /* EluvioTVOS */,
			);
		};
/* End PBXProject section */

/* Begin PBXResourcesBuildPhase section */
		9CB9DBFA21AF3354006AACB3 /* Resources */ = {
			isa = PBXResourcesBuildPhase;
			buildActionMask = 2147483647;
			files = (
				9CB9DC0321AF3355006AACB3 /* Assets.xcassets in Resources */,
				B08481D92445A42300CA062B /* tvos_topshelf.png in Resources */,
				B08481DB2445A48000CA062B /* tvos_app_store_icon.png in Resources */,
				B08481D72445A42300CA062B /* tvos_app_icon.png in Resources */,
				9CB9DC0B21AF33A2006AACB3 /* Server in Resources */,
				B08481CF2441793800CA062B /* static in Resources */,
				B08481CE2441793800CA062B /* start.js in Resources */,
				B08481D22441793800CA062B /* views in Resources */,
				B084820C2445B83E00CA062B /* tvos_topshelf_2x.png in Resources */,
				B08481D32441793800CA062B /* server in Resources */,
				B08481D02441793800CA062B /* package.json in Resources */,
				B08481D12441793800CA062B /* package-lock.json in Resources */,
				B08482072445B61800CA062B /* tvos_topshelf_wide_2x.png in Resources */,
				B084820B2445B83E00CA062B /* tvos_app_icon_2x.png in Resources */,
				B08481D82445A42300CA062B /* tvos_topshelf_wide.png in Resources */,
			);
			runOnlyForDeploymentPostprocessing = 0;
		};
/* End PBXResourcesBuildPhase section */

/* Begin PBXSourcesBuildPhase section */
		9CB9DBF821AF3354006AACB3 /* Sources */ = {
			isa = PBXSourcesBuildPhase;
			buildActionMask = 2147483647;
			files = (
				9CB9DC0021AF3354006AACB3 /* AppDelegate.swift in Sources */,
			);
			runOnlyForDeploymentPostprocessing = 0;
		};
/* End PBXSourcesBuildPhase section */

/* Begin XCBuildConfiguration section */
		9CB9DC0521AF3355006AACB3 /* Debug */ = {
			isa = XCBuildConfiguration;
			baseConfigurationReference = B03C32B424462DFD00CFFC97 /* Debug.xcconfig */;
			buildSettings = {
				ALWAYS_SEARCH_USER_PATHS = NO;
				CLANG_ANALYZER_NONNULL = YES;
				CLANG_ANALYZER_NUMBER_OBJECT_CONVERSION = YES_AGGRESSIVE;
				CLANG_CXX_LANGUAGE_STANDARD = "gnu++14";
				CLANG_CXX_LIBRARY = "libc++";
				CLANG_ENABLE_MODULES = YES;
				CLANG_ENABLE_OBJC_ARC = YES;
				CLANG_ENABLE_OBJC_WEAK = YES;
				CLANG_WARN_BLOCK_CAPTURE_AUTORELEASING = YES;
				CLANG_WARN_BOOL_CONVERSION = YES;
				CLANG_WARN_COMMA = YES;
				CLANG_WARN_CONSTANT_CONVERSION = YES;
				CLANG_WARN_DEPRECATED_OBJC_IMPLEMENTATIONS = YES;
				CLANG_WARN_DIRECT_OBJC_ISA_USAGE = YES_ERROR;
				CLANG_WARN_DOCUMENTATION_COMMENTS = YES;
				CLANG_WARN_EMPTY_BODY = YES;
				CLANG_WARN_ENUM_CONVERSION = YES;
				CLANG_WARN_INFINITE_RECURSION = YES;
				CLANG_WARN_INT_CONVERSION = YES;
				CLANG_WARN_NON_LITERAL_NULL_CONVERSION = YES;
				CLANG_WARN_OBJC_IMPLICIT_RETAIN_SELF = YES;
				CLANG_WARN_OBJC_LITERAL_CONVERSION = YES;
				CLANG_WARN_OBJC_ROOT_CLASS = YES_ERROR;
				CLANG_WARN_RANGE_LOOP_ANALYSIS = YES;
				CLANG_WARN_STRICT_PROTOTYPES = YES;
				CLANG_WARN_SUSPICIOUS_MOVE = YES;
				CLANG_WARN_UNGUARDED_AVAILABILITY = YES_AGGRESSIVE;
				CLANG_WARN_UNREACHABLE_CODE = YES;
				CLANG_WARN__DUPLICATE_METHOD_MATCH = YES;
				COPY_PHASE_STRIP = NO;
				DEBUG_INFORMATION_FORMAT = dwarf;
				ENABLE_STRICT_OBJC_MSGSEND = YES;
				ENABLE_TESTABILITY = YES;
				GCC_C_LANGUAGE_STANDARD = gnu11;
				GCC_DYNAMIC_NO_PIC = NO;
				GCC_NO_COMMON_BLOCKS = YES;
				GCC_OPTIMIZATION_LEVEL = 0;
				GCC_PREPROCESSOR_DEFINITIONS = (
					"DEBUG=1",
					"$(inherited)",
				);
				GCC_WARN_64_TO_32_BIT_CONVERSION = YES;
				GCC_WARN_ABOUT_RETURN_TYPE = YES_ERROR;
				GCC_WARN_UNDECLARED_SELECTOR = YES;
				GCC_WARN_UNINITIALIZED_AUTOS = YES_AGGRESSIVE;
				GCC_WARN_UNUSED_FUNCTION = YES;
				GCC_WARN_UNUSED_VARIABLE = YES;
				MTL_ENABLE_DEBUG_INFO = INCLUDE_SOURCE;
				MTL_FAST_MATH = YES;
				ONLY_ACTIVE_ARCH = YES;
				SDKROOT = appletvos;
				SWIFT_ACTIVE_COMPILATION_CONDITIONS = DEBUG;
				SWIFT_OPTIMIZATION_LEVEL = "-Onone";
				TVOS_DEPLOYMENT_TARGET = 12.2;
			};
			name = Debug;
		};
		9CB9DC0621AF3355006AACB3 /* Release */ = {
			isa = XCBuildConfiguration;
			baseConfigurationReference = B03C32B524462E8D00CFFC97 /* Release.xcconfig */;
			buildSettings = {
				ALWAYS_SEARCH_USER_PATHS = NO;
				CLANG_ANALYZER_NONNULL = YES;
				CLANG_ANALYZER_NUMBER_OBJECT_CONVERSION = YES_AGGRESSIVE;
				CLANG_CXX_LANGUAGE_STANDARD = "gnu++14";
				CLANG_CXX_LIBRARY = "libc++";
				CLANG_ENABLE_MODULES = YES;
				CLANG_ENABLE_OBJC_ARC = YES;
				CLANG_ENABLE_OBJC_WEAK = YES;
				CLANG_WARN_BLOCK_CAPTURE_AUTORELEASING = YES;
				CLANG_WARN_BOOL_CONVERSION = YES;
				CLANG_WARN_COMMA = YES;
				CLANG_WARN_CONSTANT_CONVERSION = YES;
				CLANG_WARN_DEPRECATED_OBJC_IMPLEMENTATIONS = YES;
				CLANG_WARN_DIRECT_OBJC_ISA_USAGE = YES_ERROR;
				CLANG_WARN_DOCUMENTATION_COMMENTS = YES;
				CLANG_WARN_EMPTY_BODY = YES;
				CLANG_WARN_ENUM_CONVERSION = YES;
				CLANG_WARN_INFINITE_RECURSION = YES;
				CLANG_WARN_INT_CONVERSION = YES;
				CLANG_WARN_NON_LITERAL_NULL_CONVERSION = YES;
				CLANG_WARN_OBJC_IMPLICIT_RETAIN_SELF = YES;
				CLANG_WARN_OBJC_LITERAL_CONVERSION = YES;
				CLANG_WARN_OBJC_ROOT_CLASS = YES_ERROR;
				CLANG_WARN_RANGE_LOOP_ANALYSIS = YES;
				CLANG_WARN_STRICT_PROTOTYPES = YES;
				CLANG_WARN_SUSPICIOUS_MOVE = YES;
				CLANG_WARN_UNGUARDED_AVAILABILITY = YES_AGGRESSIVE;
				CLANG_WARN_UNREACHABLE_CODE = YES;
				CLANG_WARN__DUPLICATE_METHOD_MATCH = YES;
				COPY_PHASE_STRIP = NO;
				DEBUG_INFORMATION_FORMAT = "dwarf-with-dsym";
				ENABLE_NS_ASSERTIONS = NO;
				ENABLE_STRICT_OBJC_MSGSEND = YES;
				GCC_C_LANGUAGE_STANDARD = gnu11;
				GCC_NO_COMMON_BLOCKS = YES;
				GCC_WARN_64_TO_32_BIT_CONVERSION = YES;
				GCC_WARN_ABOUT_RETURN_TYPE = YES_ERROR;
				GCC_WARN_UNDECLARED_SELECTOR = YES;
				GCC_WARN_UNINITIALIZED_AUTOS = YES_AGGRESSIVE;
				GCC_WARN_UNUSED_FUNCTION = YES;
				GCC_WARN_UNUSED_VARIABLE = YES;
				MTL_ENABLE_DEBUG_INFO = NO;
				MTL_FAST_MATH = YES;
				SDKROOT = appletvos;
				SWIFT_COMPILATION_MODE = wholemodule;
				SWIFT_OPTIMIZATION_LEVEL = "-O";
				TVOS_DEPLOYMENT_TARGET = 12.2;
				VALIDATE_PRODUCT = YES;
			};
			name = Release;
		};
		9CB9DC0821AF3355006AACB3 /* Debug */ = {
			isa = XCBuildConfiguration;
			buildSettings = {
				ASSETCATALOG_COMPILER_APPICON_NAME = "App Icon & Top Shelf Image";
				ASSETCATALOG_COMPILER_LAUNCHIMAGE_NAME = LaunchImage;
				CODE_SIGN_IDENTITY = "iPhone Distribution";
				CODE_SIGN_STYLE = Manual;
				DEVELOPMENT_ASSET_PATHS = "";
				DEVELOPMENT_TEAM = UF8453V5DX;
				INFOPLIST_FILE = "$(SRCROOT)/elv-tvos/Info.plist";
				LD_RUNPATH_SEARCH_PATHS = (
					"$(inherited)",
					"@executable_path/Frameworks",
				);
				PRODUCT_BUNDLE_IDENTIFIER = "com.eluvio.tvos-sample-site";
				PRODUCT_NAME = "$(TARGET_NAME)";
				PROVISIONING_PROFILE_SPECIFIER = "TVOS Distribution Profile";
				SWIFT_VERSION = 5.0;
				TARGETED_DEVICE_FAMILY = 3;
				TVOS_DEPLOYMENT_TARGET = 12.0;
			};
			name = Debug;
		};
		9CB9DC0921AF3355006AACB3 /* Release */ = {
			isa = XCBuildConfiguration;
			buildSettings = {
				ASSETCATALOG_COMPILER_APPICON_NAME = "App Icon & Top Shelf Image";
				ASSETCATALOG_COMPILER_LAUNCHIMAGE_NAME = LaunchImage;
				CODE_SIGN_IDENTITY = "iPhone Distribution";
				CODE_SIGN_STYLE = Manual;
				DEVELOPMENT_ASSET_PATHS = "";
				DEVELOPMENT_TEAM = UF8453V5DX;
				INFOPLIST_FILE = "$(SRCROOT)/elv-tvos/Info.plist";
				LD_RUNPATH_SEARCH_PATHS = (
					"$(inherited)",
					"@executable_path/Frameworks",
				);
				PRODUCT_BUNDLE_IDENTIFIER = "com.eluvio.tvos-sample-site";
				PRODUCT_NAME = "$(TARGET_NAME)";
				PROVISIONING_PROFILE_SPECIFIER = "TVOS Distribution Profile";
				SWIFT_VERSION = 5.0;
				TARGETED_DEVICE_FAMILY = 3;
				TVOS_DEPLOYMENT_TARGET = 12.0;
			};
			name = Release;
		};
/* End XCBuildConfiguration section */

/* Begin XCConfigurationList section */
		9CB9DBF721AF3354006AACB3 /* Build configuration list for PBXProject "elv-tvos" */ = {
			isa = XCConfigurationList;
			buildConfigurations = (
				9CB9DC0521AF3355006AACB3 /* Debug */,
				9CB9DC0621AF3355006AACB3 /* Release */,
			);
			defaultConfigurationIsVisible = 0;
			defaultConfigurationName = Release;
		};
		9CB9DC0721AF3355006AACB3 /* Build configuration list for PBXNativeTarget "EluvioTVOS" */ = {
			isa = XCConfigurationList;
			buildConfigurations = (
				9CB9DC0821AF3355006AACB3 /* Debug */,
				9CB9DC0921AF3355006AACB3 /* Release */,
			);
			defaultConfigurationIsVisible = 0;
			defaultConfigurationName = Release;
		};
/* End XCConfigurationList section */
	};
	rootObject = 9CB9DBF421AF3354006AACB3 /* Project object */;
}
